// !$*UTF8*$!
{
	archiveVersion = 1;
	classes = {
	};
	objectVersion = 46;
	objects = {

/* Begin PBXBuildFile section */
		853EED7F1D4AEB3200071E0F /* SmartTipViewController.swift in Sources */ = {isa = PBXBuildFile; fileRef = 853EED7E1D4AEB3200071E0F /* SmartTipViewController.swift */; };
		85530EC61D4FCEF1007E4016 /* SmartTip.swift in Sources */ = {isa = PBXBuildFile; fileRef = 85530EC51D4FCEF1007E4016 /* SmartTip.swift */; };
		85673A5F1D4BAB3E005146A2 /* SmartTipColor.swift in Sources */ = {isa = PBXBuildFile; fileRef = 85673A5E1D4BAB3E005146A2 /* SmartTipColor.swift */; };
		85673A631D4BD9EE005146A2 /* Status.swift in Sources */ = {isa = PBXBuildFile; fileRef = 85673A621D4BD9EE005146A2 /* Status.swift */; };
		85673A651D4C14DC005146A2 /* JSONPaths.swift in Sources */ = {isa = PBXBuildFile; fileRef = 85673A641D4C14DC005146A2 /* JSONPaths.swift */; };
		856F670D1D47E4B60031876A /* AppDelegate.swift in Sources */ = {isa = PBXBuildFile; fileRef = 856F670C1D47E4B60031876A /* AppDelegate.swift */; };
		856F670F1D47E4B60031876A /* ViewController.swift in Sources */ = {isa = PBXBuildFile; fileRef = 856F670E1D47E4B60031876A /* ViewController.swift */; };
		856F67121D47E4B60031876A /* Main.storyboard in Resources */ = {isa = PBXBuildFile; fileRef = 856F67101D47E4B60031876A /* Main.storyboard */; };
		856F67141D47E4B60031876A /* Assets.xcassets in Resources */ = {isa = PBXBuildFile; fileRef = 856F67131D47E4B60031876A /* Assets.xcassets */; };
		856F67171D47E4B60031876A /* LaunchScreen.storyboard in Resources */ = {isa = PBXBuildFile; fileRef = 856F67151D47E4B60031876A /* LaunchScreen.storyboard */; };
		856F671F1D4804140031876A /* Alamofire.framework in Frameworks */ = {isa = PBXBuildFile; fileRef = 856F671E1D4804140031876A /* Alamofire.framework */; };
		856F67231D4812F10031876A /* Alamofire.framework in CopyFiles */ = {isa = PBXBuildFile; fileRef = 856F671E1D4804140031876A /* Alamofire.framework */; settings = {ATTRIBUTES = (CodeSignOnCopy, RemoveHeadersOnCopy, ); }; };
		8594F2AF1D492E3A001B1F3F /* SwiftyJSON.framework in Frameworks */ = {isa = PBXBuildFile; fileRef = 8594F2AE1D492E3A001B1F3F /* SwiftyJSON.framework */; };
		8594F2B01D492E5B001B1F3F /* SwiftyJSON.framework in CopyFiles */ = {isa = PBXBuildFile; fileRef = 8594F2AE1D492E3A001B1F3F /* SwiftyJSON.framework */; settings = {ATTRIBUTES = (CodeSignOnCopy, RemoveHeadersOnCopy, ); }; };
		85AFB6C81D4AB2800008B66D /* TipTableViewCell.swift in Sources */ = {isa = PBXBuildFile; fileRef = 85AFB6C71D4AB2800008B66D /* TipTableViewCell.swift */; };
/* End PBXBuildFile section */

/* Begin PBXCopyFilesBuildPhase section */
		856F67221D4812C00031876A /* CopyFiles */ = {
			isa = PBXCopyFilesBuildPhase;
			buildActionMask = 2147483647;
			dstPath = "";
			dstSubfolderSpec = 10;
			files = (
				8594F2B01D492E5B001B1F3F /* SwiftyJSON.framework in CopyFiles */,
				856F67231D4812F10031876A /* Alamofire.framework in CopyFiles */,
			);
			runOnlyForDeploymentPostprocessing = 0;
		};
/* End PBXCopyFilesBuildPhase section */

/* Begin PBXFileReference section */
		853EED7E1D4AEB3200071E0F /* SmartTipViewController.swift */ = {isa = PBXFileReference; fileEncoding = 4; lastKnownFileType = sourcecode.swift; path = SmartTipViewController.swift; sourceTree = "<group>"; };
		85530EC51D4FCEF1007E4016 /* SmartTip.swift */ = {isa = PBXFileReference; fileEncoding = 4; lastKnownFileType = sourcecode.swift; path = SmartTip.swift; sourceTree = "<group>"; };
		85673A5E1D4BAB3E005146A2 /* SmartTipColor.swift */ = {isa = PBXFileReference; fileEncoding = 4; lastKnownFileType = sourcecode.swift; path = SmartTipColor.swift; sourceTree = "<group>"; };
		85673A621D4BD9EE005146A2 /* Status.swift */ = {isa = PBXFileReference; fileEncoding = 4; lastKnownFileType = sourcecode.swift; path = Status.swift; sourceTree = "<group>"; };
		85673A641D4C14DC005146A2 /* JSONPaths.swift */ = {isa = PBXFileReference; fileEncoding = 4; lastKnownFileType = sourcecode.swift; path = JSONPaths.swift; sourceTree = "<group>"; };
		856F67091D47E4B50031876A /* SmartTips.app */ = {isa = PBXFileReference; explicitFileType = wrapper.application; includeInIndex = 0; path = SmartTips.app; sourceTree = BUILT_PRODUCTS_DIR; };
		856F670C1D47E4B60031876A /* AppDelegate.swift */ = {isa = PBXFileReference; lastKnownFileType = sourcecode.swift; path = AppDelegate.swift; sourceTree = "<group>"; };
		856F670E1D47E4B60031876A /* ViewController.swift */ = {isa = PBXFileReference; lastKnownFileType = sourcecode.swift; path = ViewController.swift; sourceTree = "<group>"; };
		856F67111D47E4B60031876A /* Base */ = {isa = PBXFileReference; lastKnownFileType = file.storyboard; name = Base; path = Base.lproj/Main.storyboard; sourceTree = "<group>"; };
		856F67131D47E4B60031876A /* Assets.xcassets */ = {isa = PBXFileReference; lastKnownFileType = folder.assetcatalog; path = Assets.xcassets; sourceTree = "<group>"; };
		856F67161D47E4B60031876A /* Base */ = {isa = PBXFileReference; lastKnownFileType = file.storyboard; name = Base; path = Base.lproj/LaunchScreen.storyboard; sourceTree = "<group>"; };
		856F67181D47E4B60031876A /* Info.plist */ = {isa = PBXFileReference; lastKnownFileType = text.plist.xml; path = Info.plist; sourceTree = "<group>"; };
		856F671E1D4804140031876A /* Alamofire.framework */ = {isa = PBXFileReference; lastKnownFileType = wrapper.framework; name = Alamofire.framework; path = Carthage/Build/iOS/Alamofire.framework; sourceTree = "<group>"; };
		8594F2AE1D492E3A001B1F3F /* SwiftyJSON.framework */ = {isa = PBXFileReference; lastKnownFileType = wrapper.framework; name = SwiftyJSON.framework; path = Carthage/Build/iOS/SwiftyJSON.framework; sourceTree = "<group>"; };
		85AFB6C71D4AB2800008B66D /* TipTableViewCell.swift */ = {isa = PBXFileReference; fileEncoding = 4; lastKnownFileType = sourcecode.swift; path = TipTableViewCell.swift; sourceTree = "<group>"; };
/* End PBXFileReference section */

/* Begin PBXFrameworksBuildPhase section */
		856F67061D47E4B50031876A /* Frameworks */ = {
			isa = PBXFrameworksBuildPhase;
			buildActionMask = 2147483647;
			files = (
				856F671F1D4804140031876A /* Alamofire.framework in Frameworks */,
				8594F2AF1D492E3A001B1F3F /* SwiftyJSON.framework in Frameworks */,
			);
			runOnlyForDeploymentPostprocessing = 0;
		};
/* End PBXFrameworksBuildPhase section */

/* Begin PBXGroup section */
		856F67001D47E4B50031876A = {
			isa = PBXGroup;
			children = (
				8594F2AE1D492E3A001B1F3F /* SwiftyJSON.framework */,
				856F671E1D4804140031876A /* Alamofire.framework */,
				856F670B1D47E4B50031876A /* SmartTips */,
				856F670A1D47E4B50031876A /* Products */,
			);
			sourceTree = "<group>";
		};
		856F670A1D47E4B50031876A /* Products */ = {
			isa = PBXGroup;
			children = (
				856F67091D47E4B50031876A /* SmartTips.app */,
			);
			name = Products;
			sourceTree = "<group>";
		};
		856F670B1D47E4B50031876A /* SmartTips */ = {
			isa = PBXGroup;
			children = (
				856F670C1D47E4B60031876A /* AppDelegate.swift */,
				856F670E1D47E4B60031876A /* ViewController.swift */,
				85673A641D4C14DC005146A2 /* JSONPaths.swift */,
				85530EC51D4FCEF1007E4016 /* SmartTip.swift */,
				853EED7E1D4AEB3200071E0F /* SmartTipViewController.swift */,
				85673A621D4BD9EE005146A2 /* Status.swift */,
				85AFB6C71D4AB2800008B66D /* TipTableViewCell.swift */,
				85673A5E1D4BAB3E005146A2 /* SmartTipColor.swift */,
				856F67101D47E4B60031876A /* Main.storyboard */,
				856F67131D47E4B60031876A /* Assets.xcassets */,
				856F67151D47E4B60031876A /* LaunchScreen.storyboard */,
				856F67181D47E4B60031876A /* Info.plist */,
			);
			path = SmartTips;
			sourceTree = "<group>";
		};
/* End PBXGroup section */

/* Begin PBXNativeTarget section */
		856F67081D47E4B50031876A /* SmartTips */ = {
			isa = PBXNativeTarget;
			buildConfigurationList = 856F671B1D47E4B60031876A /* Build configuration list for PBXNativeTarget "SmartTips" */;
			buildPhases = (
				856F67051D47E4B50031876A /* Sources */,
				856F67061D47E4B50031876A /* Frameworks */,
				856F67071D47E4B50031876A /* Resources */,
				856F67221D4812C00031876A /* CopyFiles */,
			);
			buildRules = (
			);
			dependencies = (
			);
			name = SmartTips;
			productName = SmartTips;
			productReference = 856F67091D47E4B50031876A /* SmartTips.app */;
			productType = "com.apple.product-type.application";
		};
/* End PBXNativeTarget section */

/* Begin PBXProject section */
		856F67011D47E4B50031876A /* Project object */ = {
			isa = PBXProject;
			attributes = {
				LastSwiftUpdateCheck = 0730;
				LastUpgradeCheck = 0730;
				ORGANIZATIONNAME = "Christopher Bonuel";
				TargetAttributes = {
					856F67081D47E4B50031876A = {
						CreatedOnToolsVersion = 7.3.1;
					};
				};
			};
			buildConfigurationList = 856F67041D47E4B50031876A /* Build configuration list for PBXProject "SmartTips" */;
			compatibilityVersion = "Xcode 3.2";
			developmentRegion = English;
			hasScannedForEncodings = 0;
			knownRegions = (
				en,
				Base,
			);
			mainGroup = 856F67001D47E4B50031876A;
			productRefGroup = 856F670A1D47E4B50031876A /* Products */;
			projectDirPath = "";
			projectRoot = "";
			targets = (
				856F67081D47E4B50031876A /* SmartTips */,
			);
		};
/* End PBXProject section */

/* Begin PBXResourcesBuildPhase section */
		856F67071D47E4B50031876A /* Resources */ = {
			isa = PBXResourcesBuildPhase;
			buildActionMask = 2147483647;
			files = (
				856F67171D47E4B60031876A /* LaunchScreen.storyboard in Resources */,
				856F67141D47E4B60031876A /* Assets.xcassets in Resources */,
				856F67121D47E4B60031876A /* Main.storyboard in Resources */,
			);
			runOnlyForDeploymentPostprocessing = 0;
		};
/* End PBXResourcesBuildPhase section */

/* Begin PBXSourcesBuildPhase section */
		856F67051D47E4B50031876A /* Sources */ = {
			isa = PBXSourcesBuildPhase;
			buildActionMask = 2147483647;
			files = (
				856F670F1D47E4B60031876A /* ViewController.swift in Sources */,
				85673A651D4C14DC005146A2 /* JSONPaths.swift in Sources */,
				85673A5F1D4BAB3E005146A2 /* SmartTipColor.swift in Sources */,
				85AFB6C81D4AB2800008B66D /* TipTableViewCell.swift in Sources */,
				853EED7F1D4AEB3200071E0F /* SmartTipViewController.swift in Sources */,
				85530EC61D4FCEF1007E4016 /* SmartTip.swift in Sources */,
				856F670D1D47E4B60031876A /* AppDelegate.swift in Sources */,
				85673A631D4BD9EE005146A2 /* Status.swift in Sources */,
			);
			runOnlyForDeploymentPostprocessing = 0;
		};
/* End PBXSourcesBuildPhase section */

/* Begin PBXVariantGroup section */
		856F67101D47E4B60031876A /* Main.storyboard */ = {
			isa = PBXVariantGroup;
			children = (
				856F67111D47E4B60031876A /* Base */,
			);
			name = Main.storyboard;
			sourceTree = "<group>";
		};
		856F67151D47E4B60031876A /* LaunchScreen.storyboard */ = {
			isa = PBXVariantGroup;
			children = (
				856F67161D47E4B60031876A /* Base */,
			);
			name = LaunchScreen.storyboard;
			sourceTree = "<group>";
		};
/* End PBXVariantGroup section */

/* Begin XCBuildConfiguration section */
		856F67191D47E4B60031876A /* Debug */ = {
			isa = XCBuildConfiguration;
			buildSettings = {
				ALWAYS_SEARCH_USER_PATHS = NO;
				CLANG_ANALYZER_NONNULL = YES;
				CLANG_CXX_LANGUAGE_STANDARD = "gnu++0x";
				CLANG_CXX_LIBRARY = "libc++";
				CLANG_ENABLE_MODULES = YES;
				CLANG_ENABLE_OBJC_ARC = YES;
				CLANG_WARN_BOOL_CONVERSION = YES;
				CLANG_WARN_CONSTANT_CONVERSION = YES;
				CLANG_WARN_DIRECT_OBJC_ISA_USAGE = YES_ERROR;
				CLANG_WARN_EMPTY_BODY = YES;
				CLANG_WARN_ENUM_CONVERSION = YES;
				CLANG_WARN_INT_CONVERSION = YES;
				CLANG_WARN_OBJC_ROOT_CLASS = YES_ERROR;
				CLANG_WARN_UNREACHABLE_CODE = YES;
				CLANG_WARN__DUPLICATE_METHOD_MATCH = YES;
				"CODE_SIGN_IDENTITY[sdk=iphoneos*]" = "iPhone Developer";
				COPY_PHASE_STRIP = NO;
				DEBUG_INFORMATION_FORMAT = dwarf;
				ENABLE_STRICT_OBJC_MSGSEND = YES;
				ENABLE_TESTABILITY = YES;
				GCC_C_LANGUAGE_STANDARD = gnu99;
				GCC_DYNAMIC_NO_PIC = NO;
				GCC_NO_COMMON_BLOCKS = YES;
				GCC_OPTIMIZATION_LEVEL = 0;
				GCC_PREPROCESSOR_DEFINITIONS = (
					"DEBUG=1",
					"$(inherited)",
				);
				GCC_WARN_64_TO_32_BIT_CONVERSION = YES;
				GCC_WARN_ABOUT_RETURN_TYPE = YES_ERROR;
				GCC_WARN_UNDECLARED_SELECTOR = YES;
				GCC_WARN_UNINITIALIZED_AUTOS = YES_AGGRESSIVE;
				GCC_WARN_UNUSED_FUNCTION = YES;
				GCC_WARN_UNUSED_VARIABLE = YES;
				IPHONEOS_DEPLOYMENT_TARGET = 9.3;
				MTL_ENABLE_DEBUG_INFO = YES;
				ONLY_ACTIVE_ARCH = YES;
				SDKROOT = iphoneos;
				SWIFT_OPTIMIZATION_LEVEL = "-Onone";
			};
			name = Debug;
		};
		856F671A1D47E4B60031876A /* Release */ = {
			isa = XCBuildConfiguration;
			buildSettings = {
				ALWAYS_SEARCH_USER_PATHS = NO;
				CLANG_ANALYZER_NONNULL = YES;
				CLANG_CXX_LANGUAGE_STANDARD = "gnu++0x";
				CLANG_CXX_LIBRARY = "libc++";
				CLANG_ENABLE_MODULES = YES;
				CLANG_ENABLE_OBJC_ARC = YES;
				CLANG_WARN_BOOL_CONVERSION = YES;
				CLANG_WARN_CONSTANT_CONVERSION = YES;
				CLANG_WARN_DIRECT_OBJC_ISA_USAGE = YES_ERROR;
				CLANG_WARN_EMPTY_BODY = YES;
				CLANG_WARN_ENUM_CONVERSION = YES;
				CLANG_WARN_INT_CONVERSION = YES;
				CLANG_WARN_OBJC_ROOT_CLASS = YES_ERROR;
				CLANG_WARN_UNREACHABLE_CODE = YES;
				CLANG_WARN__DUPLICATE_METHOD_MATCH = YES;
				"CODE_SIGN_IDENTITY[sdk=iphoneos*]" = "iPhone Developer";
				COPY_PHASE_STRIP = NO;
				DEBUG_INFORMATION_FORMAT = "dwarf-with-dsym";
				ENABLE_NS_ASSERTIONS = NO;
				ENABLE_STRICT_OBJC_MSGSEND = YES;
				GCC_C_LANGUAGE_STANDARD = gnu99;
				GCC_NO_COMMON_BLOCKS = YES;
				GCC_WARN_64_TO_32_BIT_CONVERSION = YES;
				GCC_WARN_ABOUT_RETURN_TYPE = YES_ERROR;
				GCC_WARN_UNDECLARED_SELECTOR = YES;
				GCC_WARN_UNINITIALIZED_AUTOS = YES_AGGRESSIVE;
				GCC_WARN_UNUSED_FUNCTION = YES;
				GCC_WARN_UNUSED_VARIABLE = YES;
				IPHONEOS_DEPLOYMENT_TARGET = 9.3;
				MTL_ENABLE_DEBUG_INFO = NO;
				SDKROOT = iphoneos;
				VALIDATE_PRODUCT = YES;
			};
			name = Release;
		};
		856F671C1D47E4B60031876A /* Debug */ = {
			isa = XCBuildConfiguration;
			buildSettings = {
				ASSETCATALOG_COMPILER_APPICON_NAME = AppIcon;
				FRAMEWORK_SEARCH_PATHS = (
					"$(inherited)",
					"$(PROJECT_DIR)/Carthage/Build/iOS",
				);
				INFOPLIST_FILE = SmartTips/Info.plist;
				LD_RUNPATH_SEARCH_PATHS = "$(inherited) @executable_path/Frameworks";
				PRODUCT_BUNDLE_IDENTIFIER = com.gametime.SmartTips;
				PRODUCT_NAME = "$(TARGET_NAME)";
			};
			name = Debug;
		};
		856F671D1D47E4B60031876A /* Release */ = {
			isa = XCBuildConfiguration;
			buildSettings = {
				ASSETCATALOG_COMPILER_APPICON_NAME = AppIcon;
				FRAMEWORK_SEARCH_PATHS = (
					"$(inherited)",
					"$(PROJECT_DIR)/Carthage/Build/iOS",
				);
				INFOPLIST_FILE = SmartTips/Info.plist;
				LD_RUNPATH_SEARCH_PATHS = "$(inherited) @executable_path/Frameworks";
				PRODUCT_BUNDLE_IDENTIFIER = com.gametime.SmartTips;
				PRODUCT_NAME = "$(TARGET_NAME)";
			};
			name = Release;
		};
/* End XCBuildConfiguration section */

/* Begin XCConfigurationList section */
		856F67041D47E4B50031876A /* Build configuration list for PBXProject "SmartTips" */ = {
			isa = XCConfigurationList;
			buildConfigurations = (
				856F67191D47E4B60031876A /* Debug */,
				856F671A1D47E4B60031876A /* Release */,
			);
			defaultConfigurationIsVisible = 0;
			defaultConfigurationName = Release;
		};
		856F671B1D47E4B60031876A /* Build configuration list for PBXNativeTarget "SmartTips" */ = {
			isa = XCConfigurationList;
			buildConfigurations = (
				856F671C1D47E4B60031876A /* Debug */,
				856F671D1D47E4B60031876A /* Release */,
			);
			defaultConfigurationIsVisible = 0;
			defaultConfigurationName = Release;
		};
/* End XCConfigurationList section */
	};
	rootObject = 856F67011D47E4B50031876A /* Project object */;
}
